
Microsoft Visual Studio Solution File, Format Version 12.00
# Visual Studio Version 17
VisualStudioVersion = 17.14.36511.14
MinimumVisualStudioVersion = 10.0.40219.1
Project("{2150E333-8FDC-42A3-9474-1A3956D46DE8}") = "Task0", "Task0", "{02EA681E-C7D8-13C7-8484-4AC65E1B71E8}"
EndProject
Project("{FAE04EC0-301F-11D3-BF4B-00C04F79EFBC}") = "Tyuiu.EgorovAD.Sprint2.Task0.V14", "Tyuiu.EgorovAD.Sprint2.Task0.V14\Tyuiu.EgorovAD.Sprint2.Task0.V14.csproj", "{16B92E27-B9F5-4245-93DA-73AE2BB9C0C4}"
EndProject
Project("{FAE04EC0-301F-11D3-BF4B-00C04F79EFBC}") = "Tyuiu.EgorovAD.Sprint2.Task0.V14.Lib", "Tyuiu.EgorovAD.Sprint2.Task0.V14.Lib\Tyuiu.EgorovAD.Sprint2.Task0.V14.Lib.csproj", "{D2379C08-C460-4910-B8A1-51D4CDF8C8DE}"
EndProject
Project("{FAE04EC0-301F-11D3-BF4B-00C04F79EFBC}") = "Tyuiu.EgorovAD.Sprint2.Task0.V14.Test", "Tyuiu.EgorovAD.Sprint2.Task0.V14.Test\Tyuiu.EgorovAD.Sprint2.Task0.V14.Test.csproj", "{4D26831A-3B08-4CE7-8D18-51D5DD71B405}"
EndProject
Project("{2150E333-8FDC-42A3-9474-1A3956D46DE8}") = "Task1", "Task1", "{7CEA9363-60E5-4C81-A3F4-2ED125C8A3F3}"
EndProject
Project("{FAE04EC0-301F-11D3-BF4B-00C04F79EFBC}") = "Tyuiu.EgorovAD.Sprint2.Task1.V19", "Tyuiu.EgorovAD.Sprint2.Task1.V19\Tyuiu.EgorovAD.Sprint2.Task1.V19.csproj", "{A66F3B20-E2AC-4C11-9B71-3EDED7AB3229}"
EndProject
Project("{FAE04EC0-301F-11D3-BF4B-00C04F79EFBC}") = "Tyuiu.EgorovAD.Sprint2.Task1.V19.Lib", "Tyuiu.EgorovAD.Sprint2.Task1.V19.Lib\Tyuiu.EgorovAD.Sprint2.Task1.V19.Lib.csproj", "{9F5A41B2-38C4-45D4-91C4-D9E334B89D31}"
EndProject
Project("{FAE04EC0-301F-11D3-BF4B-00C04F79EFBC}") = "Tyuiu.EgorovAD.Sprint2.Task1.V19.Test", "Tyuiu.EgorovAD.Sprint2.Task1.V19.Test\Tyuiu.EgorovAD.Sprint2.Task1.V19.Test.csproj", "{2D01C3BA-E0DE-4B95-A8C0-69D36C83791F}"
EndProject
Project("{2150E333-8FDC-42A3-9474-1A3956D46DE8}") = "Task2", "Task2", "{D01CB8C4-1C4D-4E0A-9C86-7DAA68AF42D0}"
EndProject
Project("{FAE04EC0-301F-11D3-BF4B-00C04F79EFBC}") = "Tyuiu.EgorovAD.Sprint2.Task2.V27", "Tyuiu.EgorovAD.Sprint2.Task2.V27\Tyuiu.EgorovAD.Sprint2.Task2.V27.csproj", "{21D87A81-A9E2-40CB-A838-65B12085F246}"
EndProject
Project("{FAE04EC0-301F-11D3-BF4B-00C04F79EFBC}") = "Tyuiu.EgorovAD.Sprint2.Task2.V27.Lib", "Tyuiu.EgorovAD.Sprint2.Task2.V27.Lib\Tyuiu.EgorovAD.Sprint2.Task2.V27.Lib.csproj", "{CCD39E46-DFCE-434B-B743-8727010C28B6}"
EndProject
Project("{FAE04EC0-301F-11D3-BF4B-00C04F79EFBC}") = "Tyuiu.EgorovAD.Sprint2.Task2.V27.Test", "Tyuiu.EgorovAD.Sprint2.Task2.V27.Test\Tyuiu.EgorovAD.Sprint2.Task2.V27.Test.csproj", "{405EAC62-9FD9-46BD-864B-B79006A08712}"
EndProject
Project("{2150E333-8FDC-42A3-9474-1A3956D46DE8}") = "Task3", "Task3", "{2F20319B-1982-45C2-AF82-233B1B7C4B04}"
EndProject
Project("{FAE04EC0-301F-11D3-BF4B-00C04F79EFBC}") = "Tyuiu.EgorovAD.Sprint2.Task3.V6", "Tyuiu.EgorovAD.Sprint2.Task3.V6\Tyuiu.EgorovAD.Sprint2.Task3.V6.csproj", "{FF922A8B-54AB-4AE6-88AA-7B68F81D458D}"
EndProject
Project("{FAE04EC0-301F-11D3-BF4B-00C04F79EFBC}") = "Tyuiu.EgorovAD.Sprint2.Task3.V6.Lib", "Tyuiu.EgorovAD.Sprint2.Task3.V6.Lib\Tyuiu.EgorovAD.Sprint2.Task3.V6.Lib.csproj", "{99C52202-6E97-4A82-87F4-AAA92E4668EC}"
EndProject
Project("{FAE04EC0-301F-11D3-BF4B-00C04F79EFBC}") = "Tyuiu.EgorovAD.Sprint2.Task3.V6.Test", "Tyuiu.EgorovAD.Sprint2.Task3.V6.Test\Tyuiu.EgorovAD.Sprint2.Task3.V6.Test.csproj", "{FD1495EF-2433-474D-B679-8F39A0C9E239}"
EndProject
Global
	GlobalSection(SolutionConfigurationPlatforms) = preSolution
		Debug|Any CPU = Debug|Any CPU
		Release|Any CPU = Release|Any CPU
	EndGlobalSection
	GlobalSection(ProjectConfigurationPlatforms) = postSolution
		{16B92E27-B9F5-4245-93DA-73AE2BB9C0C4}.Debug|Any CPU.ActiveCfg = Debug|Any CPU
		{16B92E27-B9F5-4245-93DA-73AE2BB9C0C4}.Debug|Any CPU.Build.0 = Debug|Any CPU
		{16B92E27-B9F5-4245-93DA-73AE2BB9C0C4}.Release|Any CPU.ActiveCfg = Release|Any CPU
		{16B92E27-B9F5-4245-93DA-73AE2BB9C0C4}.Release|Any CPU.Build.0 = Release|Any CPU
		{D2379C08-C460-4910-B8A1-51D4CDF8C8DE}.Debug|Any CPU.ActiveCfg = Debug|Any CPU
		{D2379C08-C460-4910-B8A1-51D4CDF8C8DE}.Debug|Any CPU.Build.0 = Debug|Any CPU
		{D2379C08-C460-4910-B8A1-51D4CDF8C8DE}.Release|Any CPU.ActiveCfg = Release|Any CPU
		{D2379C08-C460-4910-B8A1-51D4CDF8C8DE}.Release|Any CPU.Build.0 = Release|Any CPU
		{4D26831A-3B08-4CE7-8D18-51D5DD71B405}.Debug|Any CPU.ActiveCfg = Debug|Any CPU
		{4D26831A-3B08-4CE7-8D18-51D5DD71B405}.Debug|Any CPU.Build.0 = Debug|Any CPU
		{4D26831A-3B08-4CE7-8D18-51D5DD71B405}.Release|Any CPU.ActiveCfg = Release|Any CPU
		{4D26831A-3B08-4CE7-8D18-51D5DD71B405}.Release|Any CPU.Build.0 = Release|Any CPU
		{A66F3B20-E2AC-4C11-9B71-3EDED7AB3229}.Debug|Any CPU.ActiveCfg = Debug|Any CPU
		{A66F3B20-E2AC-4C11-9B71-3EDED7AB3229}.Debug|Any CPU.Build.0 = Debug|Any CPU
		{A66F3B20-E2AC-4C11-9B71-3EDED7AB3229}.Release|Any CPU.ActiveCfg = Release|Any CPU
		{A66F3B20-E2AC-4C11-9B71-3EDED7AB3229}.Release|Any CPU.Build.0 = Release|Any CPU
		{9F5A41B2-38C4-45D4-91C4-D9E334B89D31}.Debug|Any CPU.ActiveCfg = Debug|Any CPU
		{9F5A41B2-38C4-45D4-91C4-D9E334B89D31}.Debug|Any CPU.Build.0 = Debug|Any CPU
		{9F5A41B2-38C4-45D4-91C4-D9E334B89D31}.Release|Any CPU.ActiveCfg = Release|Any CPU
		{9F5A41B2-38C4-45D4-91C4-D9E334B89D31}.Release|Any CPU.Build.0 = Release|Any CPU
		{2D01C3BA-E0DE-4B95-A8C0-69D36C83791F}.Debug|Any CPU.ActiveCfg = Debug|Any CPU
		{2D01C3BA-E0DE-4B95-A8C0-69D36C83791F}.Debug|Any CPU.Build.0 = Debug|Any CPU
		{2D01C3BA-E0DE-4B95-A8C0-69D36C83791F}.Release|Any CPU.ActiveCfg = Release|Any CPU
		{2D01C3BA-E0DE-4B95-A8C0-69D36C83791F}.Release|Any CPU.Build.0 = Release|Any CPU
		{21D87A81-A9E2-40CB-A838-65B12085F246}.Debug|Any CPU.ActiveCfg = Debug|Any CPU
		{21D87A81-A9E2-40CB-A838-65B12085F246}.Debug|Any CPU.Build.0 = Debug|Any CPU
		{21D87A81-A9E2-40CB-A838-65B12085F246}.Release|Any CPU.ActiveCfg = Release|Any CPU
		{21D87A81-A9E2-40CB-A838-65B12085F246}.Release|Any CPU.Build.0 = Release|Any CPU
		{CCD39E46-DFCE-434B-B743-8727010C28B6}.Debug|Any CPU.ActiveCfg = Debug|Any CPU
		{CCD39E46-DFCE-434B-B743-8727010C28B6}.Debug|Any CPU.Build.0 = Debug|Any CPU
		{CCD39E46-DFCE-434B-B743-8727010C28B6}.Release|Any CPU.ActiveCfg = Release|Any CPU
		{CCD39E46-DFCE-434B-B743-8727010C28B6}.Release|Any CPU.Build.0 = Release|Any CPU
		{405EAC62-9FD9-46BD-864B-B79006A08712}.Debug|Any CPU.ActiveCfg = Debug|Any CPU
		{405EAC62-9FD9-46BD-864B-B79006A08712}.Debug|Any CPU.Build.0 = Debug|Any CPU
		{405EAC62-9FD9-46BD-864B-B79006A08712}.Release|Any CPU.ActiveCfg = Release|Any CPU
		{405EAC62-9FD9-46BD-864B-B79006A08712}.Release|Any CPU.Build.0 = Release|Any CPU
		{FF922A8B-54AB-4AE6-88AA-7B68F81D458D}.Debug|Any CPU.ActiveCfg = Debug|Any CPU
		{FF922A8B-54AB-4AE6-88AA-7B68F81D458D}.Debug|Any CPU.Build.0 = Debug|Any CPU
		{FF922A8B-54AB-4AE6-88AA-7B68F81D458D}.Release|Any CPU.ActiveCfg = Release|Any CPU
		{FF922A8B-54AB-4AE6-88AA-7B68F81D458D}.Release|Any CPU.Build.0 = Release|Any CPU
		{99C52202-6E97-4A82-87F4-AAA92E4668EC}.Debug|Any CPU.ActiveCfg = Debug|Any CPU
		{99C52202-6E97-4A82-87F4-AAA92E4668EC}.Debug|Any CPU.Build.0 = Debug|Any CPU
		{99C52202-6E97-4A82-87F4-AAA92E4668EC}.Release|Any CPU.ActiveCfg = Release|Any CPU
		{99C52202-6E97-4A82-87F4-AAA92E4668EC}.Release|Any CPU.Build.0 = Release|Any CPU
		{FD1495EF-2433-474D-B679-8F39A0C9E239}.Debug|Any CPU.ActiveCfg = Debug|Any CPU
		{FD1495EF-2433-474D-B679-8F39A0C9E239}.Debug|Any CPU.Build.0 = Debug|Any CPU
		{FD1495EF-2433-474D-B679-8F39A0C9E239}.Release|Any CPU.ActiveCfg = Release|Any CPU
		{FD1495EF-2433-474D-B679-8F39A0C9E239}.Release|Any CPU.Build.0 = Release|Any CPU
	EndGlobalSection
	GlobalSection(SolutionProperties) = preSolution
		HideSolutionNode = FALSE
	EndGlobalSection
	GlobalSection(NestedProjects) = preSolution
		{16B92E27-B9F5-4245-93DA-73AE2BB9C0C4} = {02EA681E-C7D8-13C7-8484-4AC65E1B71E8}
		{D2379C08-C460-4910-B8A1-51D4CDF8C8DE} = {02EA681E-C7D8-13C7-8484-4AC65E1B71E8}
		{4D26831A-3B08-4CE7-8D18-51D5DD71B405} = {02EA681E-C7D8-13C7-8484-4AC65E1B71E8}
		{A66F3B20-E2AC-4C11-9B71-3EDED7AB3229} = {7CEA9363-60E5-4C81-A3F4-2ED125C8A3F3}
		{9F5A41B2-38C4-45D4-91C4-D9E334B89D31} = {7CEA9363-60E5-4C81-A3F4-2ED125C8A3F3}
		{2D01C3BA-E0DE-4B95-A8C0-69D36C83791F} = {7CEA9363-60E5-4C81-A3F4-2ED125C8A3F3}
		{21D87A81-A9E2-40CB-A838-65B12085F246} = {D01CB8C4-1C4D-4E0A-9C86-7DAA68AF42D0}
		{CCD39E46-DFCE-434B-B743-8727010C28B6} = {D01CB8C4-1C4D-4E0A-9C86-7DAA68AF42D0}
		{405EAC62-9FD9-46BD-864B-B79006A08712} = {D01CB8C4-1C4D-4E0A-9C86-7DAA68AF42D0}
		{FF922A8B-54AB-4AE6-88AA-7B68F81D458D} = {2F20319B-1982-45C2-AF82-233B1B7C4B04}
		{99C52202-6E97-4A82-87F4-AAA92E4668EC} = {2F20319B-1982-45C2-AF82-233B1B7C4B04}
		{FD1495EF-2433-474D-B679-8F39A0C9E239} = {2F20319B-1982-45C2-AF82-233B1B7C4B04}
	EndGlobalSection
	GlobalSection(ExtensibilityGlobals) = postSolution
		SolutionGuid = {8081695F-0131-40F1-89A4-3336350122A6}
	EndGlobalSection
EndGlobal
